// !$*UTF8*$!
{
	archiveVersion = 1;
	classes = {
	};
	objectVersion = 46;
	objects = {

/* Begin PBXBuildFile section */
		01FA8F3C1CBD2D7100C46DDF /* Alamofire.framework in Frameworks */ = {isa = PBXBuildFile; fileRef = 01FA8F2B1CBD2AC100C46DDF /* Alamofire.framework */; };
		01FA8F3D1CBD2D7100C46DDF /* Alamofire.framework in Embed Frameworks */ = {isa = PBXBuildFile; fileRef = 01FA8F2B1CBD2AC100C46DDF /* Alamofire.framework */; settings = {ATTRIBUTES = (CodeSignOnCopy, RemoveHeadersOnCopy, ); }; };
		E1CBA76C1CAD69BA0027843D /* AppDelegate.swift in Sources */ = {isa = PBXBuildFile; fileRef = E1CBA76B1CAD69BA0027843D /* AppDelegate.swift */; };
		E1CBA76E1CAD69BA0027843D /* ViewController.swift in Sources */ = {isa = PBXBuildFile; fileRef = E1CBA76D1CAD69BA0027843D /* ViewController.swift */; };
		E1CBA7711CAD69BA0027843D /* Main.storyboard in Resources */ = {isa = PBXBuildFile; fileRef = E1CBA76F1CAD69BA0027843D /* Main.storyboard */; };
		E1CBA7731CAD69BA0027843D /* Assets.xcassets in Resources */ = {isa = PBXBuildFile; fileRef = E1CBA7721CAD69BA0027843D /* Assets.xcassets */; };
		E1CBA7761CAD69BA0027843D /* LaunchScreen.storyboard in Resources */ = {isa = PBXBuildFile; fileRef = E1CBA7741CAD69BA0027843D /* LaunchScreen.storyboard */; };
		E1CBA7811CAD69BA0027843D /* TimeWeatherTests.swift in Sources */ = {isa = PBXBuildFile; fileRef = E1CBA7801CAD69BA0027843D /* TimeWeatherTests.swift */; };
		E1CBA78C1CAD69BA0027843D /* TimeWeatherUITests.swift in Sources */ = {isa = PBXBuildFile; fileRef = E1CBA78B1CAD69BA0027843D /* TimeWeatherUITests.swift */; };
/* End PBXBuildFile section */

/* Begin PBXContainerItemProxy section */
		01FA8F2A1CBD2AC100C46DDF /* PBXContainerItemProxy */ = {
			isa = PBXContainerItemProxy;
			containerPortal = 01FA8F201CBD2AC000C46DDF /* Alamofire.xcodeproj */;
			proxyType = 2;
			remoteGlobalIDString = F8111E3319A95C8B0040E7D1;
			remoteInfo = "Alamofire iOS";
		};
		01FA8F2C1CBD2AC100C46DDF /* PBXContainerItemProxy */ = {
			isa = PBXContainerItemProxy;
			containerPortal = 01FA8F201CBD2AC000C46DDF /* Alamofire.xcodeproj */;
			proxyType = 2;
			remoteGlobalIDString = F8111E3E19A95C8B0040E7D1;
			remoteInfo = "Alamofire iOS Tests";
		};
		01FA8F2E1CBD2AC100C46DDF /* PBXContainerItemProxy */ = {
			isa = PBXContainerItemProxy;
			containerPortal = 01FA8F201CBD2AC000C46DDF /* Alamofire.xcodeproj */;
			proxyType = 2;
			remoteGlobalIDString = 4DD67C0B1A5C55C900ED2280;
			remoteInfo = "Alamofire OSX";
		};
		01FA8F301CBD2AC100C46DDF /* PBXContainerItemProxy */ = {
			isa = PBXContainerItemProxy;
			containerPortal = 01FA8F201CBD2AC000C46DDF /* Alamofire.xcodeproj */;
			proxyType = 2;
			remoteGlobalIDString = F829C6B21A7A94F100A2CD59;
			remoteInfo = "Alamofire OSX Tests";
		};
		01FA8F321CBD2AC100C46DDF /* PBXContainerItemProxy */ = {
			isa = PBXContainerItemProxy;
			containerPortal = 01FA8F201CBD2AC000C46DDF /* Alamofire.xcodeproj */;
			proxyType = 2;
			remoteGlobalIDString = 4CF626EF1BA7CB3E0011A099;
			remoteInfo = "Alamofire tvOS";
		};
		01FA8F341CBD2AC100C46DDF /* PBXContainerItemProxy */ = {
			isa = PBXContainerItemProxy;
			containerPortal = 01FA8F201CBD2AC000C46DDF /* Alamofire.xcodeproj */;
			proxyType = 2;
			remoteGlobalIDString = 4CF626F81BA7CB3E0011A099;
			remoteInfo = "Alamofire tvOS Tests";
		};
		01FA8F361CBD2AC100C46DDF /* PBXContainerItemProxy */ = {
			isa = PBXContainerItemProxy;
			containerPortal = 01FA8F201CBD2AC000C46DDF /* Alamofire.xcodeproj */;
			proxyType = 2;
			remoteGlobalIDString = E4202FE01B667AA100C997FB;
			remoteInfo = "Alamofire watchOS";
		};
		01FA8F3E1CBD2D7200C46DDF /* PBXContainerItemProxy */ = {
			isa = PBXContainerItemProxy;
			containerPortal = 01FA8F201CBD2AC000C46DDF /* Alamofire.xcodeproj */;
			proxyType = 1;
			remoteGlobalIDString = F8111E3219A95C8B0040E7D1;
			remoteInfo = "Alamofire iOS";
		};
		E1CBA77D1CAD69BA0027843D /* PBXContainerItemProxy */ = {
			isa = PBXContainerItemProxy;
			containerPortal = E1CBA7601CAD69BA0027843D /* Project object */;
			proxyType = 1;
			remoteGlobalIDString = E1CBA7671CAD69BA0027843D;
			remoteInfo = TimeWeather;
		};
		E1CBA7881CAD69BA0027843D /* PBXContainerItemProxy */ = {
			isa = PBXContainerItemProxy;
			containerPortal = E1CBA7601CAD69BA0027843D /* Project object */;
			proxyType = 1;
			remoteGlobalIDString = E1CBA7671CAD69BA0027843D;
			remoteInfo = TimeWeather;
		};
/* End PBXContainerItemProxy section */

/* Begin PBXCopyFilesBuildPhase section */
		01FA8F401CBD2D7200C46DDF /* Embed Frameworks */ = {
			isa = PBXCopyFilesBuildPhase;
			buildActionMask = 2147483647;
			dstPath = "";
			dstSubfolderSpec = 10;
			files = (
				01FA8F3D1CBD2D7100C46DDF /* Alamofire.framework in Embed Frameworks */,
			);
			name = "Embed Frameworks";
			runOnlyForDeploymentPostprocessing = 0;
		};
/* End PBXCopyFilesBuildPhase section */

/* Begin PBXFileReference section */
		0154280F1CBD15B500CE071C /* TimeWeatherConfig.h */ = {isa = PBXFileReference; lastKnownFileType = sourcecode.c.h; path = TimeWeatherConfig.h; sourceTree = "<group>"; };
		01FA8F201CBD2AC000C46DDF /* Alamofire.xcodeproj */ = {isa = PBXFileReference; lastKnownFileType = "wrapper.pb-project"; name = Alamofire.xcodeproj; path = "Alamofire-master/Alamofire.xcodeproj"; sourceTree = "<group>"; };
		01FA8F411CBD2FC200C46DDF /* TimeWeather-Bridging-Header.h */ = {isa = PBXFileReference; lastKnownFileType = sourcecode.c.h; path = "TimeWeather-Bridging-Header.h"; sourceTree = "<group>"; };
		E1CBA7681CAD69BA0027843D /* TimeWeather.app */ = {isa = PBXFileReference; explicitFileType = wrapper.application; includeInIndex = 0; path = TimeWeather.app; sourceTree = BUILT_PRODUCTS_DIR; };
		E1CBA76B1CAD69BA0027843D /* AppDelegate.swift */ = {isa = PBXFileReference; lastKnownFileType = sourcecode.swift; path = AppDelegate.swift; sourceTree = "<group>"; };
		E1CBA76D1CAD69BA0027843D /* ViewController.swift */ = {isa = PBXFileReference; lastKnownFileType = sourcecode.swift; path = ViewController.swift; sourceTree = "<group>"; };
		E1CBA7701CAD69BA0027843D /* Base */ = {isa = PBXFileReference; lastKnownFileType = file.storyboard; name = Base; path = Base.lproj/Main.storyboard; sourceTree = "<group>"; };
		E1CBA7721CAD69BA0027843D /* Assets.xcassets */ = {isa = PBXFileReference; lastKnownFileType = folder.assetcatalog; path = Assets.xcassets; sourceTree = "<group>"; };
		E1CBA7751CAD69BA0027843D /* Base */ = {isa = PBXFileReference; lastKnownFileType = file.storyboard; name = Base; path = Base.lproj/LaunchScreen.storyboard; sourceTree = "<group>"; };
		E1CBA7771CAD69BA0027843D /* Info.plist */ = {isa = PBXFileReference; lastKnownFileType = text.plist.xml; path = Info.plist; sourceTree = "<group>"; };
		E1CBA77C1CAD69BA0027843D /* TimeWeatherTests.xctest */ = {isa = PBXFileReference; explicitFileType = wrapper.cfbundle; includeInIndex = 0; path = TimeWeatherTests.xctest; sourceTree = BUILT_PRODUCTS_DIR; };
		E1CBA7801CAD69BA0027843D /* TimeWeatherTests.swift */ = {isa = PBXFileReference; lastKnownFileType = sourcecode.swift; path = TimeWeatherTests.swift; sourceTree = "<group>"; };
		E1CBA7821CAD69BA0027843D /* Info.plist */ = {isa = PBXFileReference; lastKnownFileType = text.plist.xml; path = Info.plist; sourceTree = "<group>"; };
		E1CBA7871CAD69BA0027843D /* TimeWeatherUITests.xctest */ = {isa = PBXFileReference; explicitFileType = wrapper.cfbundle; includeInIndex = 0; path = TimeWeatherUITests.xctest; sourceTree = BUILT_PRODUCTS_DIR; };
		E1CBA78B1CAD69BA0027843D /* TimeWeatherUITests.swift */ = {isa = PBXFileReference; lastKnownFileType = sourcecode.swift; path = TimeWeatherUITests.swift; sourceTree = "<group>"; };
		E1CBA78D1CAD69BA0027843D /* Info.plist */ = {isa = PBXFileReference; lastKnownFileType = text.plist.xml; path = Info.plist; sourceTree = "<group>"; };
/* End PBXFileReference section */

/* Begin PBXFrameworksBuildPhase section */
		E1CBA7651CAD69BA0027843D /* Frameworks */ = {
			isa = PBXFrameworksBuildPhase;
			buildActionMask = 2147483647;
			files = (
				01FA8F3C1CBD2D7100C46DDF /* Alamofire.framework in Frameworks */,
			);
			runOnlyForDeploymentPostprocessing = 0;
		};
		E1CBA7791CAD69BA0027843D /* Frameworks */ = {
			isa = PBXFrameworksBuildPhase;
			buildActionMask = 2147483647;
			files = (
			);
			runOnlyForDeploymentPostprocessing = 0;
		};
		E1CBA7841CAD69BA0027843D /* Frameworks */ = {
			isa = PBXFrameworksBuildPhase;
			buildActionMask = 2147483647;
			files = (
			);
			runOnlyForDeploymentPostprocessing = 0;
		};
/* End PBXFrameworksBuildPhase section */

/* Begin PBXGroup section */
		012B9ED51CAE806800CCF86D /* Classes */ = {
			isa = PBXGroup;
			children = (
				0154280E1CBD13E900CE071C /* Macros */,
				012B9ED91CAE809B00CCF86D /* Libs */,
				012B9ED81CAE808A00CCF86D /* Models */,
				012B9ED71CAE807C00CCF86D /* Controllers */,
				012B9ED61CAE807500CCF86D /* Views */,
			);
			path = Classes;
			sourceTree = "<group>";
		};
		012B9ED61CAE807500CCF86D /* Views */ = {
			isa = PBXGroup;
			children = (
			);
			path = Views;
			sourceTree = "<group>";
		};
		012B9ED71CAE807C00CCF86D /* Controllers */ = {
			isa = PBXGroup;
			children = (
			);
			path = Controllers;
			sourceTree = "<group>";
		};
		012B9ED81CAE808A00CCF86D /* Models */ = {
			isa = PBXGroup;
			children = (
			);
			path = Models;
			sourceTree = "<group>";
		};
		012B9ED91CAE809B00CCF86D /* Libs */ = {
			isa = PBXGroup;
			children = (
			);
			path = Libs;
			sourceTree = "<group>";
		};
		0154280E1CBD13E900CE071C /* Macros */ = {
			isa = PBXGroup;
			children = (
				0154280F1CBD15B500CE071C /* TimeWeatherConfig.h */,
			);
			path = Macros;
			sourceTree = "<group>";
		};
		01FA8F211CBD2AC000C46DDF /* Products */ = {
			isa = PBXGroup;
			children = (
				01FA8F2B1CBD2AC100C46DDF /* Alamofire.framework */,
				01FA8F2D1CBD2AC100C46DDF /* Alamofire iOS Tests.xctest */,
				01FA8F2F1CBD2AC100C46DDF /* Alamofire.framework */,
				01FA8F311CBD2AC100C46DDF /* Alamofire OSX Tests.xctest */,
				01FA8F331CBD2AC100C46DDF /* Alamofire.framework */,
				01FA8F351CBD2AC100C46DDF /* Alamofire tvOS Tests.xctest */,
				01FA8F371CBD2AC100C46DDF /* Alamofire.framework */,
			);
			name = Products;
			sourceTree = "<group>";
		};
		E1CBA75F1CAD69BA0027843D = {
			isa = PBXGroup;
			children = (
				E1CBA76A1CAD69BA0027843D /* TimeWeather */,
				E1CBA77F1CAD69BA0027843D /* TimeWeatherTests */,
				E1CBA78A1CAD69BA0027843D /* TimeWeatherUITests */,
				E1CBA7691CAD69BA0027843D /* Products */,
				01FA8F201CBD2AC000C46DDF /* Alamofire.xcodeproj */,
			);
			sourceTree = "<group>";
		};
		E1CBA7691CAD69BA0027843D /* Products */ = {
			isa = PBXGroup;
			children = (
				E1CBA7681CAD69BA0027843D /* TimeWeather.app */,
				E1CBA77C1CAD69BA0027843D /* TimeWeatherTests.xctest */,
				E1CBA7871CAD69BA0027843D /* TimeWeatherUITests.xctest */,
			);
			name = Products;
			sourceTree = "<group>";
		};
		E1CBA76A1CAD69BA0027843D /* TimeWeather */ = {
			isa = PBXGroup;
			children = (
				012B9ED51CAE806800CCF86D /* Classes */,
				E1CBA76B1CAD69BA0027843D /* AppDelegate.swift */,
				E1CBA76D1CAD69BA0027843D /* ViewController.swift */,
				01FA8F411CBD2FC200C46DDF /* TimeWeather-Bridging-Header.h */,
				E1CBA76F1CAD69BA0027843D /* Main.storyboard */,
				E1CBA7721CAD69BA0027843D /* Assets.xcassets */,
				E1CBA7741CAD69BA0027843D /* LaunchScreen.storyboard */,
				E1CBA7771CAD69BA0027843D /* Info.plist */,
			);
			path = TimeWeather;
			sourceTree = "<group>";
		};
		E1CBA77F1CAD69BA0027843D /* TimeWeatherTests */ = {
			isa = PBXGroup;
			children = (
				E1CBA7801CAD69BA0027843D /* TimeWeatherTests.swift */,
				E1CBA7821CAD69BA0027843D /* Info.plist */,
			);
			path = TimeWeatherTests;
			sourceTree = "<group>";
		};
		E1CBA78A1CAD69BA0027843D /* TimeWeatherUITests */ = {
			isa = PBXGroup;
			children = (
				E1CBA78B1CAD69BA0027843D /* TimeWeatherUITests.swift */,
				E1CBA78D1CAD69BA0027843D /* Info.plist */,
			);
			path = TimeWeatherUITests;
			sourceTree = "<group>";
		};
/* End PBXGroup section */

/* Begin PBXNativeTarget section */
		E1CBA7671CAD69BA0027843D /* TimeWeather */ = {
			isa = PBXNativeTarget;
			buildConfigurationList = E1CBA7901CAD69BA0027843D /* Build configuration list for PBXNativeTarget "TimeWeather" */;
			buildPhases = (
				E1CBA7641CAD69BA0027843D /* Sources */,
				E1CBA7651CAD69BA0027843D /* Frameworks */,
				E1CBA7661CAD69BA0027843D /* Resources */,
				01FA8F401CBD2D7200C46DDF /* Embed Frameworks */,
			);
			buildRules = (
			);
			dependencies = (
				01FA8F3F1CBD2D7200C46DDF /* PBXTargetDependency */,
			);
			name = TimeWeather;
			productName = TimeWeather;
			productReference = E1CBA7681CAD69BA0027843D /* TimeWeather.app */;
			productType = "com.apple.product-type.application";
		};
		E1CBA77B1CAD69BA0027843D /* TimeWeatherTests */ = {
			isa = PBXNativeTarget;
			buildConfigurationList = E1CBA7931CAD69BA0027843D /* Build configuration list for PBXNativeTarget "TimeWeatherTests" */;
			buildPhases = (
				E1CBA7781CAD69BA0027843D /* Sources */,
				E1CBA7791CAD69BA0027843D /* Frameworks */,
				E1CBA77A1CAD69BA0027843D /* Resources */,
			);
			buildRules = (
			);
			dependencies = (
				E1CBA77E1CAD69BA0027843D /* PBXTargetDependency */,
			);
			name = TimeWeatherTests;
			productName = TimeWeatherTests;
			productReference = E1CBA77C1CAD69BA0027843D /* TimeWeatherTests.xctest */;
			productType = "com.apple.product-type.bundle.unit-test";
		};
		E1CBA7861CAD69BA0027843D /* TimeWeatherUITests */ = {
			isa = PBXNativeTarget;
			buildConfigurationList = E1CBA7961CAD69BA0027843D /* Build configuration list for PBXNativeTarget "TimeWeatherUITests" */;
			buildPhases = (
				E1CBA7831CAD69BA0027843D /* Sources */,
				E1CBA7841CAD69BA0027843D /* Frameworks */,
				E1CBA7851CAD69BA0027843D /* Resources */,
			);
			buildRules = (
			);
			dependencies = (
				E1CBA7891CAD69BA0027843D /* PBXTargetDependency */,
			);
			name = TimeWeatherUITests;
			productName = TimeWeatherUITests;
			productReference = E1CBA7871CAD69BA0027843D /* TimeWeatherUITests.xctest */;
			productType = "com.apple.product-type.bundle.ui-testing";
		};
/* End PBXNativeTarget section */

/* Begin PBXProject section */
		E1CBA7601CAD69BA0027843D /* Project object */ = {
			isa = PBXProject;
			attributes = {
				LastSwiftUpdateCheck = 0720;
				LastUpgradeCheck = 0720;
				ORGANIZATIONNAME = X.R;
				TargetAttributes = {
					E1CBA7671CAD69BA0027843D = {
						CreatedOnToolsVersion = 7.2.1;
					};
					E1CBA77B1CAD69BA0027843D = {
						CreatedOnToolsVersion = 7.2.1;
						TestTargetID = E1CBA7671CAD69BA0027843D;
					};
					E1CBA7861CAD69BA0027843D = {
						CreatedOnToolsVersion = 7.2.1;
						TestTargetID = E1CBA7671CAD69BA0027843D;
					};
				};
			};
			buildConfigurationList = E1CBA7631CAD69BA0027843D /* Build configuration list for PBXProject "TimeWeather" */;
			compatibilityVersion = "Xcode 3.2";
			developmentRegion = English;
			hasScannedForEncodings = 0;
			knownRegions = (
				en,
				Base,
			);
			mainGroup = E1CBA75F1CAD69BA0027843D;
			productRefGroup = E1CBA7691CAD69BA0027843D /* Products */;
			projectDirPath = "";
			projectReferences = (
				{
					ProductGroup = 01FA8F211CBD2AC000C46DDF /* Products */;
					ProjectRef = 01FA8F201CBD2AC000C46DDF /* Alamofire.xcodeproj */;
				},
			);
			projectRoot = "";
			targets = (
				E1CBA7671CAD69BA0027843D /* TimeWeather */,
				E1CBA77B1CAD69BA0027843D /* TimeWeatherTests */,
				E1CBA7861CAD69BA0027843D /* TimeWeatherUITests */,
			);
		};
/* End PBXProject section */

/* Begin PBXReferenceProxy section */
		01FA8F2B1CBD2AC100C46DDF /* Alamofire.framework */ = {
			isa = PBXReferenceProxy;
			fileType = wrapper.framework;
			path = Alamofire.framework;
			remoteRef = 01FA8F2A1CBD2AC100C46DDF /* PBXContainerItemProxy */;
			sourceTree = BUILT_PRODUCTS_DIR;
		};
		01FA8F2D1CBD2AC100C46DDF /* Alamofire iOS Tests.xctest */ = {
			isa = PBXReferenceProxy;
			fileType = wrapper.cfbundle;
			path = "Alamofire iOS Tests.xctest";
			remoteRef = 01FA8F2C1CBD2AC100C46DDF /* PBXContainerItemProxy */;
			sourceTree = BUILT_PRODUCTS_DIR;
		};
		01FA8F2F1CBD2AC100C46DDF /* Alamofire.framework */ = {
			isa = PBXReferenceProxy;
			fileType = wrapper.framework;
			path = Alamofire.framework;
			remoteRef = 01FA8F2E1CBD2AC100C46DDF /* PBXContainerItemProxy */;
			sourceTree = BUILT_PRODUCTS_DIR;
		};
		01FA8F311CBD2AC100C46DDF /* Alamofire OSX Tests.xctest */ = {
			isa = PBXReferenceProxy;
			fileType = wrapper.cfbundle;
			path = "Alamofire OSX Tests.xctest";
			remoteRef = 01FA8F301CBD2AC100C46DDF /* PBXContainerItemProxy */;
			sourceTree = BUILT_PRODUCTS_DIR;
		};
		01FA8F331CBD2AC100C46DDF /* Alamofire.framework */ = {
			isa = PBXReferenceProxy;
			fileType = wrapper.framework;
			path = Alamofire.framework;
			remoteRef = 01FA8F321CBD2AC100C46DDF /* PBXContainerItemProxy */;
			sourceTree = BUILT_PRODUCTS_DIR;
		};
		01FA8F351CBD2AC100C46DDF /* Alamofire tvOS Tests.xctest */ = {
			isa = PBXReferenceProxy;
			fileType = wrapper.cfbundle;
			path = "Alamofire tvOS Tests.xctest";
			remoteRef = 01FA8F341CBD2AC100C46DDF /* PBXContainerItemProxy */;
			sourceTree = BUILT_PRODUCTS_DIR;
		};
		01FA8F371CBD2AC100C46DDF /* Alamofire.framework */ = {
			isa = PBXReferenceProxy;
			fileType = wrapper.framework;
			path = Alamofire.framework;
			remoteRef = 01FA8F361CBD2AC100C46DDF /* PBXContainerItemProxy */;
			sourceTree = BUILT_PRODUCTS_DIR;
		};
/* End PBXReferenceProxy section */

/* Begin PBXResourcesBuildPhase section */
		E1CBA7661CAD69BA0027843D /* Resources */ = {
			isa = PBXResourcesBuildPhase;
			buildActionMask = 2147483647;
			files = (
				E1CBA7761CAD69BA0027843D /* LaunchScreen.storyboard in Resources */,
				E1CBA7731CAD69BA0027843D /* Assets.xcassets in Resources */,
				E1CBA7711CAD69BA0027843D /* Main.storyboard in Resources */,
			);
			runOnlyForDeploymentPostprocessing = 0;
		};
		E1CBA77A1CAD69BA0027843D /* Resources */ = {
			isa = PBXResourcesBuildPhase;
			buildActionMask = 2147483647;
			files = (
			);
			runOnlyForDeploymentPostprocessing = 0;
		};
		E1CBA7851CAD69BA0027843D /* Resources */ = {
			isa = PBXResourcesBuildPhase;
			buildActionMask = 2147483647;
			files = (
			);
			runOnlyForDeploymentPostprocessing = 0;
		};
/* End PBXResourcesBuildPhase section */

/* Begin PBXSourcesBuildPhase section */
		E1CBA7641CAD69BA0027843D /* Sources */ = {
			isa = PBXSourcesBuildPhase;
			buildActionMask = 2147483647;
			files = (
				E1CBA76E1CAD69BA0027843D /* ViewController.swift in Sources */,
				E1CBA76C1CAD69BA0027843D /* AppDelegate.swift in Sources */,
			);
			runOnlyForDeploymentPostprocessing = 0;
		};
		E1CBA7781CAD69BA0027843D /* Sources */ = {
			isa = PBXSourcesBuildPhase;
			buildActionMask = 2147483647;
			files = (
				E1CBA7811CAD69BA0027843D /* TimeWeatherTests.swift in Sources */,
			);
			runOnlyForDeploymentPostprocessing = 0;
		};
		E1CBA7831CAD69BA0027843D /* Sources */ = {
			isa = PBXSourcesBuildPhase;
			buildActionMask = 2147483647;
			files = (
				E1CBA78C1CAD69BA0027843D /* TimeWeatherUITests.swift in Sources */,
			);
			runOnlyForDeploymentPostprocessing = 0;
		};
/* End PBXSourcesBuildPhase section */

/* Begin PBXTargetDependency section */
		01FA8F3F1CBD2D7200C46DDF /* PBXTargetDependency */ = {
			isa = PBXTargetDependency;
			name = "Alamofire iOS";
			targetProxy = 01FA8F3E1CBD2D7200C46DDF /* PBXContainerItemProxy */;
		};
		E1CBA77E1CAD69BA0027843D /* PBXTargetDependency */ = {
			isa = PBXTargetDependency;
			target = E1CBA7671CAD69BA0027843D /* TimeWeather */;
			targetProxy = E1CBA77D1CAD69BA0027843D /* PBXContainerItemProxy */;
		};
		E1CBA7891CAD69BA0027843D /* PBXTargetDependency */ = {
			isa = PBXTargetDependency;
			target = E1CBA7671CAD69BA0027843D /* TimeWeather */;
			targetProxy = E1CBA7881CAD69BA0027843D /* PBXContainerItemProxy */;
		};
/* End PBXTargetDependency section */

/* Begin PBXVariantGroup section */
		E1CBA76F1CAD69BA0027843D /* Main.storyboard */ = {
			isa = PBXVariantGroup;
			children = (
				E1CBA7701CAD69BA0027843D /* Base */,
			);
			name = Main.storyboard;
			sourceTree = "<group>";
		};
		E1CBA7741CAD69BA0027843D /* LaunchScreen.storyboard */ = {
			isa = PBXVariantGroup;
			children = (
				E1CBA7751CAD69BA0027843D /* Base */,
			);
			name = LaunchScreen.storyboard;
			sourceTree = "<group>";
		};
/* End PBXVariantGroup section */

/* Begin XCBuildConfiguration section */
		E1CBA78E1CAD69BA0027843D /* Debug */ = {
			isa = XCBuildConfiguration;
			buildSettings = {
				ALWAYS_SEARCH_USER_PATHS = NO;
				CLANG_CXX_LANGUAGE_STANDARD = "gnu++0x";
				CLANG_CXX_LIBRARY = "libc++";
				CLANG_ENABLE_MODULES = YES;
				CLANG_ENABLE_OBJC_ARC = YES;
				CLANG_WARN_BOOL_CONVERSION = YES;
				CLANG_WARN_CONSTANT_CONVERSION = YES;
				CLANG_WARN_DIRECT_OBJC_ISA_USAGE = YES_ERROR;
				CLANG_WARN_EMPTY_BODY = YES;
				CLANG_WARN_ENUM_CONVERSION = YES;
				CLANG_WARN_INT_CONVERSION = YES;
				CLANG_WARN_OBJC_ROOT_CLASS = YES_ERROR;
				CLANG_WARN_UNREACHABLE_CODE = YES;
				CLANG_WARN__DUPLICATE_METHOD_MATCH = YES;
				"CODE_SIGN_IDENTITY[sdk=iphoneos*]" = "iPhone Developer";
				COPY_PHASE_STRIP = NO;
				DEBUG_INFORMATION_FORMAT = dwarf;
				ENABLE_STRICT_OBJC_MSGSEND = YES;
				ENABLE_TESTABILITY = YES;
				GCC_C_LANGUAGE_STANDARD = gnu99;
				GCC_DYNAMIC_NO_PIC = NO;
				GCC_NO_COMMON_BLOCKS = YES;
				GCC_OPTIMIZATION_LEVEL = 0;
				GCC_PREPROCESSOR_DEFINITIONS = (
					"DEBUG=1",
					"$(inherited)",
				);
				GCC_WARN_64_TO_32_BIT_CONVERSION = YES;
				GCC_WARN_ABOUT_RETURN_TYPE = YES_ERROR;
				GCC_WARN_UNDECLARED_SELECTOR = YES;
				GCC_WARN_UNINITIALIZED_AUTOS = YES_AGGRESSIVE;
				GCC_WARN_UNUSED_FUNCTION = YES;
				GCC_WARN_UNUSED_VARIABLE = YES;
				IPHONEOS_DEPLOYMENT_TARGET = 9.2;
				MTL_ENABLE_DEBUG_INFO = YES;
				ONLY_ACTIVE_ARCH = YES;
				SDKROOT = iphoneos;
				SWIFT_OPTIMIZATION_LEVEL = "-Onone";
			};
			name = Debug;
		};
		E1CBA78F1CAD69BA0027843D /* Release */ = {
			isa = XCBuildConfiguration;
			buildSettings = {
				ALWAYS_SEARCH_USER_PATHS = NO;
				CLANG_CXX_LANGUAGE_STANDARD = "gnu++0x";
				CLANG_CXX_LIBRARY = "libc++";
				CLANG_ENABLE_MODULES = YES;
				CLANG_ENABLE_OBJC_ARC = YES;
				CLANG_WARN_BOOL_CONVERSION = YES;
				CLANG_WARN_CONSTANT_CONVERSION = YES;
				CLANG_WARN_DIRECT_OBJC_ISA_USAGE = YES_ERROR;
				CLANG_WARN_EMPTY_BODY = YES;
				CLANG_WARN_ENUM_CONVERSION = YES;
				CLANG_WARN_INT_CONVERSION = YES;
				CLANG_WARN_OBJC_ROOT_CLASS = YES_ERROR;
				CLANG_WARN_UNREACHABLE_CODE = YES;
				CLANG_WARN__DUPLICATE_METHOD_MATCH = YES;
				"CODE_SIGN_IDENTITY[sdk=iphoneos*]" = "iPhone Developer";
				COPY_PHASE_STRIP = NO;
				DEBUG_INFORMATION_FORMAT = "dwarf-with-dsym";
				ENABLE_NS_ASSERTIONS = NO;
				ENABLE_STRICT_OBJC_MSGSEND = YES;
				GCC_C_LANGUAGE_STANDARD = gnu99;
				GCC_NO_COMMON_BLOCKS = YES;
				GCC_WARN_64_TO_32_BIT_CONVERSION = YES;
				GCC_WARN_ABOUT_RETURN_TYPE = YES_ERROR;
				GCC_WARN_UNDECLARED_SELECTOR = YES;
				GCC_WARN_UNINITIALIZED_AUTOS = YES_AGGRESSIVE;
				GCC_WARN_UNUSED_FUNCTION = YES;
				GCC_WARN_UNUSED_VARIABLE = YES;
				IPHONEOS_DEPLOYMENT_TARGET = 9.2;
				MTL_ENABLE_DEBUG_INFO = NO;
				SDKROOT = iphoneos;
				VALIDATE_PRODUCT = YES;
			};
			name = Release;
		};
		E1CBA7911CAD69BA0027843D /* Debug */ = {
			isa = XCBuildConfiguration;
			buildSettings = {
				ASSETCATALOG_COMPILER_APPICON_NAME = AppIcon;
				EMBEDDED_CONTENT_CONTAINS_SWIFT = YES;
				INFOPLIST_FILE = TimeWeather/Info.plist;
				IPHONEOS_DEPLOYMENT_TARGET = 8.2;
				LD_RUNPATH_SEARCH_PATHS = "$(inherited) @executable_path/Frameworks";
				PRODUCT_BUNDLE_IDENTIFIER = com.kkguan.TimeWeather;
				PRODUCT_NAME = "$(TARGET_NAME)";
				SWIFT_OBJC_BRIDGING_HEADER = "TimeWeather/TimeWeather-Bridging-Header.h";
			};
			name = Debug;
		};
		E1CBA7921CAD69BA0027843D /* Release */ = {
			isa = XCBuildConfiguration;
			buildSettings = {
				ASSETCATALOG_COMPILER_APPICON_NAME = AppIcon;
				EMBEDDED_CONTENT_CONTAINS_SWIFT = YES;
				INFOPLIST_FILE = TimeWeather/Info.plist;
				IPHONEOS_DEPLOYMENT_TARGET = 8.2;
				LD_RUNPATH_SEARCH_PATHS = "$(inherited) @executable_path/Frameworks";
				PRODUCT_BUNDLE_IDENTIFIER = com.kkguan.TimeWeather;
				PRODUCT_NAME = "$(TARGET_NAME)";
				SWIFT_OBJC_BRIDGING_HEADER = "TimeWeather/TimeWeather-Bridging-Header.h";
			};
			name = Release;
		};
		E1CBA7941CAD69BA0027843D /* Debug */ = {
			isa = XCBuildConfiguration;
			buildSettings = {
				BUNDLE_LOADER = "$(TEST_HOST)";
				INFOPLIST_FILE = TimeWeatherTests/Info.plist;
				LD_RUNPATH_SEARCH_PATHS = "$(inherited) @executable_path/Frameworks @loader_path/Frameworks";
				PRODUCT_BUNDLE_IDENTIFIER = com.kkguan.TimeWeatherTests;
				PRODUCT_NAME = "$(TARGET_NAME)";
				TEST_HOST = "$(BUILT_PRODUCTS_DIR)/TimeWeather.app/TimeWeather";
			};
			name = Debug;
		};
		E1CBA7951CAD69BA0027843D /* Release */ = {
			isa = XCBuildConfiguration;
			buildSettings = {
				BUNDLE_LOADER = "$(TEST_HOST)";
				INFOPLIST_FILE = TimeWeatherTests/Info.plist;
				LD_RUNPATH_SEARCH_PATHS = "$(inherited) @executable_path/Frameworks @loader_path/Frameworks";
				PRODUCT_BUNDLE_IDENTIFIER = com.kkguan.TimeWeatherTests;
				PRODUCT_NAME = "$(TARGET_NAME)";
				TEST_HOST = "$(BUILT_PRODUCTS_DIR)/TimeWeather.app/TimeWeather";
			};
			name = Release;
		};
		E1CBA7971CAD69BA0027843D /* Debug */ = {
			isa = XCBuildConfiguration;
			buildSettings = {
				INFOPLIST_FILE = TimeWeatherUITests/Info.plist;
				LD_RUNPATH_SEARCH_PATHS = "$(inherited) @executable_path/Frameworks @loader_path/Frameworks";
				PRODUCT_BUNDLE_IDENTIFIER = com.kkguan.TimeWeatherUITests;
				PRODUCT_NAME = "$(TARGET_NAME)";
				TEST_TARGET_NAME = TimeWeather;
				USES_XCTRUNNER = YES;
			};
			name = Debug;
		};
		E1CBA7981CAD69BA0027843D /* Release */ = {
			isa = XCBuildConfiguration;
			buildSettings = {
				INFOPLIST_FILE = TimeWeatherUITests/Info.plist;
				LD_RUNPATH_SEARCH_PATHS = "$(inherited) @executable_path/Frameworks @loader_path/Frameworks";
				PRODUCT_BUNDLE_IDENTIFIER = com.kkguan.TimeWeatherUITests;
				PRODUCT_NAME = "$(TARGET_NAME)";
				TEST_TARGET_NAME = TimeWeather;
				USES_XCTRUNNER = YES;
			};
			name = Release;
		};
/* End XCBuildConfiguration section */

/* Begin XCConfigurationList section */
		E1CBA7631CAD69BA0027843D /* Build configuration list for PBXProject "TimeWeather" */ = {
			isa = XCConfigurationList;
			buildConfigurations = (
				E1CBA78E1CAD69BA0027843D /* Debug */,
				E1CBA78F1CAD69BA0027843D /* Release */,
			);
			defaultConfigurationIsVisible = 0;
			defaultConfigurationName = Release;
		};
		E1CBA7901CAD69BA0027843D /* Build configuration list for PBXNativeTarget "TimeWeather" */ = {
			isa = XCConfigurationList;
			buildConfigurations = (
				E1CBA7911CAD69BA0027843D /* Debug */,
				E1CBA7921CAD69BA0027843D /* Release */,
			);
			defaultConfigurationIsVisible = 0;
			defaultConfigurationName = Release;
		};
		E1CBA7931CAD69BA0027843D /* Build configuration list for PBXNativeTarget "TimeWeatherTests" */ = {
			isa = XCConfigurationList;
			buildConfigurations = (
				E1CBA7941CAD69BA0027843D /* Debug */,
				E1CBA7951CAD69BA0027843D /* Release */,
			);
			defaultConfigurationIsVisible = 0;
			defaultConfigurationName = Release;
		};
		E1CBA7961CAD69BA0027843D /* Build configuration list for PBXNativeTarget "TimeWeatherUITests" */ = {
			isa = XCConfigurationList;
			buildConfigurations = (
				E1CBA7971CAD69BA0027843D /* Debug */,
				E1CBA7981CAD69BA0027843D /* Release */,
			);
			defaultConfigurationIsVisible = 0;
			defaultConfigurationName = Release;
		};
/* End XCConfigurationList section */
	};
	rootObject = E1CBA7601CAD69BA0027843D /* Project object */;
}
